PODS:
  - flutter_libserialport (0.0.1):
    - FlutterMacOS
    - libserialport
  - FlutterMacOS (1.0.0)
  - libserialport (0.1.1)
  - sign_in_with_apple (0.0.1):
    - FlutterMacOS

DEPENDENCIES:
  - flutter_libserialport (from `Flutter/ephemeral/.symlinks/plugins/flutter_libserialport/macos`)
  - FlutterMacOS (from `Flutter/ephemeral`)
  - sign_in_with_apple (from `Flutter/ephemeral/.symlinks/plugins/sign_in_with_apple/macos`)

SPEC REPOS:
  trunk:
    - libserialport

EXTERNAL SOURCES:
  flutter_libserialport:
    :path: Flutter/ephemeral/.symlinks/plugins/flutter_libserialport/macos
  FlutterMacOS:
    :path: Flutter/ephemeral
  sign_in_with_apple:
    :path: Flutter/ephemeral/.symlinks/plugins/sign_in_with_apple/macos

SPEC CHECKSUMS:
  flutter_libserialport: 2c523cb8d8203fc6d1b0da88190da31ac970eb93
  FlutterMacOS: 8f6f14fa908a6fb3fba0cd85dbd81ec4b251fb24
  libserialport: 1cb25e66ef3c92a8e59c2ea3820302c3fa2268cd
  sign_in_with_apple: 6673c03c9e3643f6c8d33601943fbfa9ae99f94e

PODFILE CHECKSUM: 180da7a1dbc1d932db021ebc8007656e7c46dd99

COCOAPODS: 1.16.2
